
Microsoft Visual Studio Solution File, Format Version 12.00
# Visual Studio 15
VisualStudioVersion = 15.0.28307.168
MinimumVisualStudioVersion = 10.0.40219.1
Project("{9A19103F-16F7-4668-BE54-9A1E7A4F7556}") = "1.DefineaClassPerson", "Problem 1. Define a Class Person\1.DefineaClassPerson.csproj", "{3E6D0EE0-839B-4D47-A2B8-D4E1CF54CE28}"
EndProject
Project("{9A19103F-16F7-4668-BE54-9A1E7A4F7556}") = "Problem1.BankAccount", "Problem 1. Bank Account\Problem1.BankAccount.csproj", "{381A5751-4BBC-4B28-A708-4892C3681B4F}"
EndProject
Project("{9A19103F-16F7-4668-BE54-9A1E7A4F7556}") = "Problem3.TestClient", "Problem3.TestClient\Problem3.TestClient.csproj", "{144EEAA4-CD45-4832-A2B2-C135AEFDD1CE}"
EndProject
Project("{9A19103F-16F7-4668-BE54-9A1E7A4F7556}") = "Problem4.PersonClass", "Problem4.PersonClass\Problem4.PersonClass.csproj", "{7F6D2552-B513-47C6-B178-A3EA3CA18FC0}"
EndProject
Project("{9A19103F-16F7-4668-BE54-9A1E7A4F7556}") = "2.CreatingConstructors", "Problem 2.CreatingConstructors\2.CreatingConstructors.csproj", "{B48651B1-5B7A-401A-A71E-AC20F9BEC2F0}"
EndProject
Project("{9A19103F-16F7-4668-BE54-9A1E7A4F7556}") = "3.OldestFamilyMember", "Problem3.Oldest Family Member\3.OldestFamilyMember.csproj", "{25812E93-4F14-43CD-AA33-F6105FEBB9E0}"
EndProject
Project("{9A19103F-16F7-4668-BE54-9A1E7A4F7556}") = "4.OpinionPoll", "Problem4.Opinion Poll\4.OpinionPoll.csproj", "{D92390A7-8438-4BEC-90B4-B66FD3BB5D20}"
EndProject
Project("{9A19103F-16F7-4668-BE54-9A1E7A4F7556}") = "5.DateModifier", "5.Date Modifier\5.DateModifier.csproj", "{3569278F-E657-4CDE-9E3C-27E166418F6E}"
EndProject
Project("{9A19103F-16F7-4668-BE54-9A1E7A4F7556}") = "6.CompanyRoster", "6.Company Roster\6.CompanyRoster.csproj", "{4C216D8A-4192-4D4A-A15B-182A7B14DB2C}"
EndProject
Project("{9A19103F-16F7-4668-BE54-9A1E7A4F7556}") = "7.SpeedRacing", "7.SpeedRacing\7.SpeedRacing.csproj", "{6EE51A57-29C2-41C8-A127-9A2822D0A71C}"
EndProject
Project("{9A19103F-16F7-4668-BE54-9A1E7A4F7556}") = "8.RawData", "8.RawData\8.RawData.csproj", "{F4E9F4DA-AC69-454C-80B9-76F98366C2B1}"
EndProject
Project("{9A19103F-16F7-4668-BE54-9A1E7A4F7556}") = "9.RectangleIntersection", "9.RectangleIntersection\9.RectangleIntersection.csproj", "{FD3C37D4-5253-42D7-B98B-C4F86BE65D5D}"
EndProject
Project("{9A19103F-16F7-4668-BE54-9A1E7A4F7556}") = "10.CarSalesman", "10.CarSalesman\10.CarSalesman.csproj", "{C7B289AE-00E1-4651-A6DF-69879A6953CC}"
EndProject
Project("{2150E333-8FDC-42A3-9474-1A3956D46DE8}") = "Defining classes", "Defining classes", "{AF1E97C5-93F2-4FE9-B6D0-D50D447C9ACD}"
EndProject
Project("{2150E333-8FDC-42A3-9474-1A3956D46DE8}") = "Encapsulation", "Encapsulation", "{C97FFB29-5378-4CD7-BE9C-B851CEC3B082}"
EndProject
Project("{FAE04EC0-301F-11D3-BF4B-00C04F79EFBC}") = "1.ClassBox", "1.Class Box\1.ClassBox.csproj", "{2E4261AE-B65D-470A-9723-559FAD78C507}"
EndProject
Global
	GlobalSection(SolutionConfigurationPlatforms) = preSolution
		Debug|Any CPU = Debug|Any CPU
		Release|Any CPU = Release|Any CPU
	EndGlobalSection
	GlobalSection(ProjectConfigurationPlatforms) = postSolution
		{3E6D0EE0-839B-4D47-A2B8-D4E1CF54CE28}.Debug|Any CPU.ActiveCfg = Debug|Any CPU
		{3E6D0EE0-839B-4D47-A2B8-D4E1CF54CE28}.Debug|Any CPU.Build.0 = Debug|Any CPU
		{3E6D0EE0-839B-4D47-A2B8-D4E1CF54CE28}.Release|Any CPU.ActiveCfg = Release|Any CPU
		{3E6D0EE0-839B-4D47-A2B8-D4E1CF54CE28}.Release|Any CPU.Build.0 = Release|Any CPU
		{381A5751-4BBC-4B28-A708-4892C3681B4F}.Debug|Any CPU.ActiveCfg = Debug|Any CPU
		{381A5751-4BBC-4B28-A708-4892C3681B4F}.Debug|Any CPU.Build.0 = Debug|Any CPU
		{381A5751-4BBC-4B28-A708-4892C3681B4F}.Release|Any CPU.ActiveCfg = Release|Any CPU
		{381A5751-4BBC-4B28-A708-4892C3681B4F}.Release|Any CPU.Build.0 = Release|Any CPU
		{144EEAA4-CD45-4832-A2B2-C135AEFDD1CE}.Debug|Any CPU.ActiveCfg = Debug|Any CPU
		{144EEAA4-CD45-4832-A2B2-C135AEFDD1CE}.Debug|Any CPU.Build.0 = Debug|Any CPU
		{144EEAA4-CD45-4832-A2B2-C135AEFDD1CE}.Release|Any CPU.ActiveCfg = Release|Any CPU
		{144EEAA4-CD45-4832-A2B2-C135AEFDD1CE}.Release|Any CPU.Build.0 = Release|Any CPU
		{7F6D2552-B513-47C6-B178-A3EA3CA18FC0}.Debug|Any CPU.ActiveCfg = Debug|Any CPU
		{7F6D2552-B513-47C6-B178-A3EA3CA18FC0}.Debug|Any CPU.Build.0 = Debug|Any CPU
		{7F6D2552-B513-47C6-B178-A3EA3CA18FC0}.Release|Any CPU.ActiveCfg = Release|Any CPU
		{7F6D2552-B513-47C6-B178-A3EA3CA18FC0}.Release|Any CPU.Build.0 = Release|Any CPU
		{B48651B1-5B7A-401A-A71E-AC20F9BEC2F0}.Debug|Any CPU.ActiveCfg = Debug|Any CPU
		{B48651B1-5B7A-401A-A71E-AC20F9BEC2F0}.Debug|Any CPU.Build.0 = Debug|Any CPU
		{B48651B1-5B7A-401A-A71E-AC20F9BEC2F0}.Release|Any CPU.ActiveCfg = Release|Any CPU
		{B48651B1-5B7A-401A-A71E-AC20F9BEC2F0}.Release|Any CPU.Build.0 = Release|Any CPU
		{25812E93-4F14-43CD-AA33-F6105FEBB9E0}.Debug|Any CPU.ActiveCfg = Debug|Any CPU
		{25812E93-4F14-43CD-AA33-F6105FEBB9E0}.Debug|Any CPU.Build.0 = Debug|Any CPU
		{25812E93-4F14-43CD-AA33-F6105FEBB9E0}.Release|Any CPU.ActiveCfg = Release|Any CPU
		{25812E93-4F14-43CD-AA33-F6105FEBB9E0}.Release|Any CPU.Build.0 = Release|Any CPU
		{D92390A7-8438-4BEC-90B4-B66FD3BB5D20}.Debug|Any CPU.ActiveCfg = Debug|Any CPU
		{D92390A7-8438-4BEC-90B4-B66FD3BB5D20}.Debug|Any CPU.Build.0 = Debug|Any CPU
		{D92390A7-8438-4BEC-90B4-B66FD3BB5D20}.Release|Any CPU.ActiveCfg = Release|Any CPU
		{D92390A7-8438-4BEC-90B4-B66FD3BB5D20}.Release|Any CPU.Build.0 = Release|Any CPU
		{3569278F-E657-4CDE-9E3C-27E166418F6E}.Debug|Any CPU.ActiveCfg = Debug|Any CPU
		{3569278F-E657-4CDE-9E3C-27E166418F6E}.Debug|Any CPU.Build.0 = Debug|Any CPU
		{3569278F-E657-4CDE-9E3C-27E166418F6E}.Release|Any CPU.ActiveCfg = Release|Any CPU
		{3569278F-E657-4CDE-9E3C-27E166418F6E}.Release|Any CPU.Build.0 = Release|Any CPU
		{4C216D8A-4192-4D4A-A15B-182A7B14DB2C}.Debug|Any CPU.ActiveCfg = Debug|Any CPU
		{4C216D8A-4192-4D4A-A15B-182A7B14DB2C}.Debug|Any CPU.Build.0 = Debug|Any CPU
		{4C216D8A-4192-4D4A-A15B-182A7B14DB2C}.Release|Any CPU.ActiveCfg = Release|Any CPU
		{4C216D8A-4192-4D4A-A15B-182A7B14DB2C}.Release|Any CPU.Build.0 = Release|Any CPU
		{6EE51A57-29C2-41C8-A127-9A2822D0A71C}.Debug|Any CPU.ActiveCfg = Debug|Any CPU
		{6EE51A57-29C2-41C8-A127-9A2822D0A71C}.Debug|Any CPU.Build.0 = Debug|Any CPU
		{6EE51A57-29C2-41C8-A127-9A2822D0A71C}.Release|Any CPU.ActiveCfg = Release|Any CPU
		{6EE51A57-29C2-41C8-A127-9A2822D0A71C}.Release|Any CPU.Build.0 = Release|Any CPU
		{F4E9F4DA-AC69-454C-80B9-76F98366C2B1}.Debug|Any CPU.ActiveCfg = Debug|Any CPU
		{F4E9F4DA-AC69-454C-80B9-76F98366C2B1}.Debug|Any CPU.Build.0 = Debug|Any CPU
		{F4E9F4DA-AC69-454C-80B9-76F98366C2B1}.Release|Any CPU.ActiveCfg = Release|Any CPU
		{F4E9F4DA-AC69-454C-80B9-76F98366C2B1}.Release|Any CPU.Build.0 = Release|Any CPU
		{FD3C37D4-5253-42D7-B98B-C4F86BE65D5D}.Debug|Any CPU.ActiveCfg = Debug|Any CPU
		{FD3C37D4-5253-42D7-B98B-C4F86BE65D5D}.Debug|Any CPU.Build.0 = Debug|Any CPU
		{FD3C37D4-5253-42D7-B98B-C4F86BE65D5D}.Release|Any CPU.ActiveCfg = Release|Any CPU
		{FD3C37D4-5253-42D7-B98B-C4F86BE65D5D}.Release|Any CPU.Build.0 = Release|Any CPU
		{C7B289AE-00E1-4651-A6DF-69879A6953CC}.Debug|Any CPU.ActiveCfg = Debug|Any CPU
		{C7B289AE-00E1-4651-A6DF-69879A6953CC}.Debug|Any CPU.Build.0 = Debug|Any CPU
		{C7B289AE-00E1-4651-A6DF-69879A6953CC}.Release|Any CPU.ActiveCfg = Release|Any CPU
		{C7B289AE-00E1-4651-A6DF-69879A6953CC}.Release|Any CPU.Build.0 = Release|Any CPU
		{2E4261AE-B65D-470A-9723-559FAD78C507}.Debug|Any CPU.ActiveCfg = Debug|Any CPU
		{2E4261AE-B65D-470A-9723-559FAD78C507}.Debug|Any CPU.Build.0 = Debug|Any CPU
		{2E4261AE-B65D-470A-9723-559FAD78C507}.Release|Any CPU.ActiveCfg = Release|Any CPU
		{2E4261AE-B65D-470A-9723-559FAD78C507}.Release|Any CPU.Build.0 = Release|Any CPU
	EndGlobalSection
	GlobalSection(SolutionProperties) = preSolution
		HideSolutionNode = FALSE
	EndGlobalSection
	GlobalSection(NestedProjects) = preSolution
		{3E6D0EE0-839B-4D47-A2B8-D4E1CF54CE28} = {AF1E97C5-93F2-4FE9-B6D0-D50D447C9ACD}
		{381A5751-4BBC-4B28-A708-4892C3681B4F} = {AF1E97C5-93F2-4FE9-B6D0-D50D447C9ACD}
		{144EEAA4-CD45-4832-A2B2-C135AEFDD1CE} = {AF1E97C5-93F2-4FE9-B6D0-D50D447C9ACD}
		{7F6D2552-B513-47C6-B178-A3EA3CA18FC0} = {AF1E97C5-93F2-4FE9-B6D0-D50D447C9ACD}
		{B48651B1-5B7A-401A-A71E-AC20F9BEC2F0} = {AF1E97C5-93F2-4FE9-B6D0-D50D447C9ACD}
		{25812E93-4F14-43CD-AA33-F6105FEBB9E0} = {AF1E97C5-93F2-4FE9-B6D0-D50D447C9ACD}
		{D92390A7-8438-4BEC-90B4-B66FD3BB5D20} = {AF1E97C5-93F2-4FE9-B6D0-D50D447C9ACD}
		{3569278F-E657-4CDE-9E3C-27E166418F6E} = {AF1E97C5-93F2-4FE9-B6D0-D50D447C9ACD}
		{4C216D8A-4192-4D4A-A15B-182A7B14DB2C} = {AF1E97C5-93F2-4FE9-B6D0-D50D447C9ACD}
		{6EE51A57-29C2-41C8-A127-9A2822D0A71C} = {AF1E97C5-93F2-4FE9-B6D0-D50D447C9ACD}
		{F4E9F4DA-AC69-454C-80B9-76F98366C2B1} = {AF1E97C5-93F2-4FE9-B6D0-D50D447C9ACD}
		{FD3C37D4-5253-42D7-B98B-C4F86BE65D5D} = {AF1E97C5-93F2-4FE9-B6D0-D50D447C9ACD}
		{C7B289AE-00E1-4651-A6DF-69879A6953CC} = {AF1E97C5-93F2-4FE9-B6D0-D50D447C9ACD}
		{2E4261AE-B65D-470A-9723-559FAD78C507} = {C97FFB29-5378-4CD7-BE9C-B851CEC3B082}
	EndGlobalSection
	GlobalSection(ExtensibilityGlobals) = postSolution
		SolutionGuid = {5D956D54-8054-4B1E-AD6A-DF52732D3ADB}
	EndGlobalSection
EndGlobal
